{
  "name": "quantum-golf",
  "version": "1.0.0",
  "lockfileVersion": 1,
  "requires": true,
  "dependencies": {
    "clientside-require": {
      "version": "3.11.1",
      "resolved": "https://registry.npmjs.org/clientside-require/-/clientside-require-3.11.1.tgz",
      "integrity": "sha512-n8QJBi5INNe8/ML4K4xd/3a5sUQGVT182ncJTwlS5N+Su2wxkBEQhjUNCmhS5WvoMAV6w+sIjlg27LYX39IYeQ=="
    }
  }
}
