{
  "name": "quantum-golf",
  "version": "1.0.0",
  "lockfileVersion": 1,
  "requires": true,
  "dependencies": {
    "clientside-require": {
      "version": "3.11.1",
      "resolved": "https://registry.npmjs.org/clientside-require/-/clientside-require-3.11.1.tgz",
      "integrity": "sha512-n8QJBi5INNe8/ML4K4xd/3a5sUQGVT182ncJTwlS5N+Su2wxkBEQhjUNCmhS5WvoMAV6w+sIjlg27LYX39IYeQ=="
    },
    "clientside-view-loader": {
      "version": "1.3.2",
      "resolved": "https://registry.npmjs.org/clientside-view-loader/-/clientside-view-loader-1.3.2.tgz",
      "integrity": "sha512-FXLN8p/X5hbl5jVn6muLnHF683ZC8OPt5bS8f6vz1Eu2LaAMxlNN+rimxNF3wev4/1ln6R1v4swxblnB5gRjww==",
      "requires": {
        "clientside-require": "3.11.1"
      }
    }
  }
}
